
Microsoft Visual Studio Solution File, Format Version 12.00
# Visual Studio Version 17
VisualStudioVersion = 17.10.35004.147
MinimumVisualStudioVersion = 10.0.40219.1
Project("{FAE04EC0-301F-11D3-BF4B-00C04F79EFBC}") = "OrderRabbify", "OrderRabbify.csproj", "{2BF5BCF2-24D7-446A-8446-DAA397ADBBE4}"
EndProject
Global
	GlobalSection(SolutionConfigurationPlatforms) = preSolution
		Debug|Any CPU = Debug|Any CPU
		Release|Any CPU = Release|Any CPU
	EndGlobalSection
	GlobalSection(ProjectConfigurationPlatforms) = postSolution
		{2BF5BCF2-24D7-446A-8446-DAA397ADBBE4}.Debug|Any CPU.ActiveCfg = Debug|Any CPU
		{2BF5BCF2-24D7-446A-8446-DAA397ADBBE4}.Debug|Any CPU.Build.0 = Debug|Any CPU
		{2BF5BCF2-24D7-446A-8446-DAA397ADBBE4}.Release|Any CPU.ActiveCfg = Release|Any CPU
		{2BF5BCF2-24D7-446A-8446-DAA397ADBBE4}.Release|Any CPU.Build.0 = Release|Any CPU
	EndGlobalSection
	GlobalSection(SolutionProperties) = preSolution
		HideSolutionNode = FALSE
	EndGlobalSection
	GlobalSection(ExtensibilityGlobals) = postSolution
		SolutionGuid = {115D0C89-7D06-48F0-B8DA-638BA1083E6E}
	EndGlobalSection
EndGlobal
